<?xml version="1.0" encoding="utf-8"?>
<Project ToolsVersion="4.0" xmlns="http://schemas.microsoft.com/developer/msbuild/2003">
  <ItemGroup>
    <Filter Include="リソース ファイル">
      <UniqueIdentifier>{67DA6AB6-F800-4c08-8B7A-83BB121AAD01}</UniqueIdentifier>
      <Extensions>rc;ico;cur;bmp;dlg;rc2;rct;bin;rgs;gif;jpg;jpeg;jpe;resx;tiff;tif;png;wav;mfcribbon-ms</Extensions>
    </Filter>
    <Filter Include="ライブラリ">
      <UniqueIdentifier>{22f73a27-8411-41e8-bb1f-4f7cb91c626a}</UniqueIdentifier>
    </Filter>
    <Filter Include="コンポーネント">
      <UniqueIdentifier>{fa363293-2ae3-43c0-82ea-b7f5d7bae6a4}</UniqueIdentifier>
    </Filter>
    <Filter Include="2d">
      <UniqueIdentifier>{00f126ac-5802-4739-99a0-141af06087a8}</UniqueIdentifier>
    </Filter>
    <Filter Include="src">
      <UniqueIdentifier>{4FC737F1-C7A5-4376-A066-2A32D752A2FF}</UniqueIdentifier>
      <Extensions>cpp;c;cc;cxx;def;odl;idl;hpj;bat;asm;asmx</Extensions>
    </Filter>
    <Filter Include="src\ゲーム">
      <UniqueIdentifier>{b344c737-c580-4dd0-90db-49911136fe1f}</UniqueIdentifier>
    </Filter>
    <Filter Include="src\システム">
      <UniqueIdentifier>{16077d8f-315b-46b1-b333-59f1ec57ccf3}</UniqueIdentifier>
    </Filter>
    <Filter Include="ライブラリ\Json">
      <UniqueIdentifier>{d67d3f68-d894-4fe8-879b-90cd68e7a8e0}</UniqueIdentifier>
    </Filter>
    <Filter Include="src\シーン">
      <UniqueIdentifier>{0639ab11-36fb-4a8d-9671-ac8d2929edff}</UniqueIdentifier>
    </Filter>
  </ItemGroup>
  <ItemGroup>
    <ClCompile Include="src\System\Component\InputComponent.cpp">
      <Filter>コンポーネント</Filter>
    </ClCompile>
    <ClCompile Include="src\System\KdLibrary\KdHelper.cpp">
      <Filter>ライブラリ</Filter>
    </ClCompile>
    <ClCompile Include="src\System\KdLibrary\KdMath.cpp">
      <Filter>ライブラリ</Filter>
    </ClCompile>
    <ClCompile Include="src\System\KdLibrary\KdModel.cpp">
      <Filter>ライブラリ</Filter>
    </ClCompile>
    <ClCompile Include="src\System\KdLibrary\KdResourceManager.cpp">
      <Filter>ライブラリ</Filter>
    </ClCompile>
    <ClCompile Include="src\System\KdLibrary\CCamera.cpp">
      <Filter>ライブラリ</Filter>
    </ClCompile>
    <ClCompile Include="src\System\FrameBase\CGameFrame.cpp">
      <Filter>src\システム</Filter>
    </ClCompile>
    <ClCompile Include="src\System\FrameBase\CSceneBase.cpp">
      <Filter>src\システム</Filter>
    </ClCompile>
    <ClCompile Include="src\System\FrameBase\main.cpp">
      <Filter>src\システム</Filter>
    </ClCompile>
    <ClCompile Include="src\System\FrameBase\GameObject.cpp">
      <Filter>ライブラリ</Filter>
    </ClCompile>
    <ClCompile Include="src\Game\TestCharacter.cpp">
      <Filter>src\ゲーム</Filter>
    </ClCompile>
    <ClCompile Include="src\System\KdLibrary\KdDirect3D.cpp">
      <Filter>ライブラリ</Filter>
    </ClCompile>
    <ClCompile Include="src\System\2d\Board.cpp">
      <Filter>2d</Filter>
    </ClCompile>
    <ClCompile Include="src\Game\Sea.cpp">
      <Filter>src\ゲーム</Filter>
    </ClCompile>
    <ClCompile Include="src\Game\Skysphere.cpp">
      <Filter>src\ゲーム</Filter>
    </ClCompile>
    <ClCompile Include="src\Game\Port.cpp">
      <Filter>src\ゲーム</Filter>
    </ClCompile>
    <ClCompile Include="src\Game\C_Player.cpp">
      <Filter>src\ゲーム</Filter>
    </ClCompile>
    <ClCompile Include="src\Game\Fish.cpp">
      <Filter>src\ゲーム</Filter>
    </ClCompile>
    <ClCompile Include="src\Game\Fishing.cpp">
      <Filter>src\ゲーム</Filter>
    </ClCompile>
    <ClCompile Include="src\System\FrameBase\wavread.cpp">
      <Filter>src\システム</Filter>
    </ClCompile>
    <ClCompile Include="src\Game\Title.cpp">
      <Filter>src\ゲーム</Filter>
    </ClCompile>
    <ClCompile Include="src\System\KdLibrary\json\MyJson.cpp">
      <Filter>ライブラリ\Json</Filter>
    </ClCompile>
    <ClCompile Include="src\System\KdLibrary\json\json11.cpp">
      <Filter>ライブラリ\Json</Filter>
    </ClCompile>
    <ClCompile Include="src\Game\Shop.cpp">
      <Filter>src\ゲーム</Filter>
    </ClCompile>
    <ClCompile Include="src\System\FrameBase\Fade.cpp">
      <Filter>src\システム</Filter>
    </ClCompile>
    <ClCompile Include="src\Game\Shop2D.cpp">
      <Filter>src\ゲーム</Filter>
    </ClCompile>
    <ClCompile Include="src\Game\ShopObject.cpp">
      <Filter>src\ゲーム</Filter>
    </ClCompile>
    <ClCompile Include="src\Game\GameProc.cpp">
      <Filter>src\ゲーム</Filter>
    </ClCompile>
    <ClCompile Include="src\Game\Scene\CGameScene.cpp">
      <Filter>src\シーン</Filter>
    </ClCompile>
    <ClCompile Include="src\Game\Scene\CMapScene.cpp">
      <Filter>src\シーン</Filter>
    </ClCompile>
    <ClCompile Include="src\Game\Scene\CShopScene.cpp">
      <Filter>src\シーン</Filter>
    </ClCompile>
    <ClCompile Include="src\Game\Scene\CTitleScene.cpp">
      <Filter>src\シーン</Filter>
    </ClCompile>
    <ClCompile Include="src\Game\Scene\CResultScene.cpp">
      <Filter>src\シーン</Filter>
    </ClCompile>
    <ClCompile Include="src\Game\Seagull.cpp">
      <Filter>src\ゲーム</Filter>
    </ClCompile>
  </ItemGroup>
  <ItemGroup>
    <ClInclude Include="src\System\Component\InputComponent.h">
      <Filter>コンポーネント</Filter>
    </ClInclude>
    <ClInclude Include="src\System\KdLibrary\KdHelper.h">
      <Filter>ライブラリ</Filter>
    </ClInclude>
    <ClInclude Include="src\System\KdLibrary\KdLibrary.h">
      <Filter>ライブラリ</Filter>
    </ClInclude>
    <ClInclude Include="src\System\KdLibrary\KdMath.h">
      <Filter>ライブラリ</Filter>
    </ClInclude>
    <ClInclude Include="src\System\KdLibrary\KdModel.h">
      <Filter>ライブラリ</Filter>
    </ClInclude>
    <ClInclude Include="src\System\KdLibrary\KdResourceManager.h">
      <Filter>ライブラリ</Filter>
    </ClInclude>
    <ClInclude Include="src\System\KdLibrary\CCamera.h">
      <Filter>ライブラリ</Filter>
    </ClInclude>
    <ClInclude Include="src\System\FrameBase\GameObject.h">
      <Filter>ライブラリ</Filter>
    </ClInclude>
    <ClInclude Include="src\System\FrameBase\CGameFrame.h">
      <Filter>src\システム</Filter>
    </ClInclude>
    <ClInclude Include="src\System\FrameBase\CSceneBase.h">
      <Filter>src\システム</Filter>
    </ClInclude>
    <ClInclude Include="src\Game\TestCharacter.h">
      <Filter>src\ゲーム</Filter>
    </ClInclude>
    <ClInclude Include="src\System\KdLibrary\KdDirect3D.h">
      <Filter>ライブラリ</Filter>
    </ClInclude>
    <ClInclude Include="src\System\2d\Board.h">
      <Filter>2d</Filter>
    </ClInclude>
    <ClInclude Include="src\Game\Sea.h">
      <Filter>src\ゲーム</Filter>
    </ClInclude>
    <ClInclude Include="src\Game\Skysphere.h">
      <Filter>src\ゲーム</Filter>
    </ClInclude>
    <ClInclude Include="src\Game\Port.h">
      <Filter>src\ゲーム</Filter>
    </ClInclude>
    <ClInclude Include="src\Game\C_Player.h">
      <Filter>src\ゲーム</Filter>
    </ClInclude>
    <ClInclude Include="src\Game\Fish.h">
      <Filter>src\ゲーム</Filter>
    </ClInclude>
    <ClInclude Include="src\Game\Fishing.h">
      <Filter>src\ゲーム</Filter>
    </ClInclude>
    <ClInclude Include="src\System\FrameBase\wavread.h">
      <Filter>src\システム</Filter>
    </ClInclude>
    <ClInclude Include="src\Game\Title.h">
      <Filter>src\ゲーム</Filter>
    </ClInclude>
    <ClInclude Include="src\Game\structList.h">
      <Filter>src\ゲーム</Filter>
    </ClInclude>
    <ClInclude Include="src\System\KdLibrary\json\json11.hpp">
      <Filter>ライブラリ\Json</Filter>
    </ClInclude>
    <ClInclude Include="src\System\KdLibrary\json\MyJson.h">
      <Filter>ライブラリ\Json</Filter>
    </ClInclude>
    <ClInclude Include="src\Game\Shop.h">
      <Filter>src\ゲーム</Filter>
    </ClInclude>
    <ClInclude Include="src\System\FrameBase\Fade.h">
      <Filter>src\システム</Filter>
    </ClInclude>
    <ClInclude Include="src\Game\Shop2D.h">
      <Filter>src\ゲーム</Filter>
    </ClInclude>
    <ClInclude Include="src\Game\ShopObject.h">
      <Filter>src\ゲーム</Filter>
    </ClInclude>
    <ClInclude Include="src\Game\GameProc.h">
      <Filter>src\ゲーム</Filter>
    </ClInclude>
    <ClInclude Include="src\Game\Scene\CGameScene.h">
      <Filter>src\シーン</Filter>
    </ClInclude>
    <ClInclude Include="src\Game\Scene\CMapScene.h">
      <Filter>src\シーン</Filter>
    </ClInclude>
    <ClInclude Include="src\Game\Scene\CShopScene.h">
      <Filter>src\シーン</Filter>
    </ClInclude>
    <ClInclude Include="src\Game\Scene\CTitleScene.h">
      <Filter>src\シーン</Filter>
    </ClInclude>
    <ClInclude Include="src\Game\Scene\CResultScene.h">
      <Filter>src\シーン</Filter>
    </ClInclude>
    <ClInclude Include="src\Game\Seagull.h">
      <Filter>src\ゲーム</Filter>
    </ClInclude>
  </ItemGroup>
</Project>